
Microsoft Visual Studio Solution File, Format Version 12.00
# Visual Studio Version 17
VisualStudioVersion = 17.5.002.0
MinimumVisualStudioVersion = 10.0.40219.1
Project("{9A19103F-16F7-4668-BE54-9A1E7A4F7556}") = "MyFunctionApp", "MyFunctionApp.csproj", "{D3FE7F5C-F031-40F9-A888-8B61D10252D2}"
EndProject
Global
	GlobalSection(SolutionConfigurationPlatforms) = preSolution
		Debug|Any CPU = Debug|Any CPU
		Release|Any CPU = Release|Any CPU
	EndGlobalSection
	GlobalSection(ProjectConfigurationPlatforms) = postSolution
		{D3FE7F5C-F031-40F9-A888-8B61D10252D2}.Debug|Any CPU.ActiveCfg = Debug|Any CPU
		{D3FE7F5C-F031-40F9-A888-8B61D10252D2}.Debug|Any CPU.Build.0 = Debug|Any CPU
		{D3FE7F5C-F031-40F9-A888-8B61D10252D2}.Release|Any CPU.ActiveCfg = Release|Any CPU
		{D3FE7F5C-F031-40F9-A888-8B61D10252D2}.Release|Any CPU.Build.0 = Release|Any CPU
	EndGlobalSection
	GlobalSection(SolutionProperties) = preSolution
		HideSolutionNode = FALSE
	EndGlobalSection
	GlobalSection(ExtensibilityGlobals) = postSolution
		SolutionGuid = {A7BB0D3C-8B91-4821-A12A-E1477F51E3FD}
	EndGlobalSection
EndGlobal
